hash: 06f8ae0e6d0ff8aa0942a6f3d685a85512d7ffcb132fdf13dfe5b304f1feb1d2
updated: 2018-04-18T13:34:33.398220423-05:00
imports:
- name: github.com/xeipuuv/gojsonpointer
  version: 4e3ac2762d5f479393488629ee9370b50873b3a6
- name: github.com/xeipuuv/gojsonreference
  version: bd5ef7bd5415a7ac448318e64f11a24cd21e594b
- name: github.com/xeipuuv/gojsonschema
  version: 2c8e4be869c17540b336bab0ea18b8d73e6a28b7
testImports: []
